github.com/bbrks/go-blurhash v1.2.0 h1:99w0YT50b/B7uoZyM79Nqy+UemMOh8fO/ONyyxmr9MU=
github.com/bbrks/go-blurhash v1.2.0/go.mod h1:r4N4/ViVMa2h6Ex6e1aoCWMTkykYWS/VXvYMCrbkRpw=
github.com/gen2brain/vpx v0.2.1 h1:UD6tibcs/zlaIOKNFXeVyZuHBEaW9GYfxKSxvAN9cc8=
github.com/gen2brain/vpx v0.2.1/go.mod h1:EVIdqguMSiapbtjDm4AWgFgYYJ4d+k8trXqjxYZ/4XE=
go.n16f.net/thumbhash v1.1.0 h1:aBEvuAd4yiwzeQ7Sm4BZoHJYbrQ1ewjrmrRlCE79snk=
go.n16f.net/thumbhash v1.1.0/go.mod h1:mo9pP7WtfdV9ojIamGFR/Vc0PaPA2l0CUtmYQf/SweU=
golang.org/x/image v0.46.0 h1:b1+oYj0Jbp6K5MDT4i4/eZpYlk3V8SJhhDKh6LBHAyQ=
golang.org/x/image v0.46.0/go.mod h1:3B3W05VGVQyuXucLINLjXKrqISASfi4Xj+iCVkLMwew=
